
Microsoft Visual Studio Solution File, Format Version 12.00
# Visual Studio 15
VisualStudioVersion = 15.0.28010.2046
MinimumVisualStudioVersion = 10.0.40219.1
Project("{FAE04EC0-301F-11D3-BF4B-00C04F79EFBC}") = "NomenclatureCombinator", "NomenclatureCombinator\NomenclatureCombinator.csproj", "{EBBA6ACA-74D2-4AE4-A1B9-4EAA58BF9B12}"
EndProject
Global
	GlobalSection(SolutionConfigurationPlatforms) = preSolution
		Debug|Any CPU = Debug|Any CPU
		Release|Any CPU = Release|Any CPU
	EndGlobalSection
	GlobalSection(ProjectConfigurationPlatforms) = postSolution
		{EBBA6ACA-74D2-4AE4-A1B9-4EAA58BF9B12}.Debug|Any CPU.ActiveCfg = Debug|Any CPU
		{EBBA6ACA-74D2-4AE4-A1B9-4EAA58BF9B12}.Debug|Any CPU.Build.0 = Debug|Any CPU
		{EBBA6ACA-74D2-4AE4-A1B9-4EAA58BF9B12}.Release|Any CPU.ActiveCfg = Release|Any CPU
		{EBBA6ACA-74D2-4AE4-A1B9-4EAA58BF9B12}.Release|Any CPU.Build.0 = Release|Any CPU
	EndGlobalSection
	GlobalSection(SolutionProperties) = preSolution
		HideSolutionNode = FALSE
	EndGlobalSection
	GlobalSection(ExtensibilityGlobals) = postSolution
		SolutionGuid = {E5CD99EE-D46F-411A-885E-8CCC999B13B2}
	EndGlobalSection
EndGlobal
